
Microsoft Visual Studio Solution File, Format Version 12.00
# Visual Studio Version 17
VisualStudioVersion = 17.0.31903.59
MinimumVisualStudioVersion = 10.0.40219.1
Project("{FAE04EC0-301F-11D3-BF4B-00C04F79EFBC}") = "OVB.Demos.Algorithms.AnualRevenueStatistics", "revenue-statistics\OVB.Demos.Algorithms.AnualRevenueStatistics\OVB.Demos.Algorithms.AnualRevenueStatistics.csproj", "{918B53D8-8A90-455F-9155-660CA62B24B5}"
EndProject
Project("{FAE04EC0-301F-11D3-BF4B-00C04F79EFBC}") = "OVB.Demos.Algorithms.Calculator", "calculator-sum-multiplication\OVB.Demos.Algorithms.Calculator\OVB.Demos.Algorithms.Calculator.csproj", "{295AB040-F444-4729-9B89-548671AB5D70}"
EndProject
Project("{FAE04EC0-301F-11D3-BF4B-00C04F79EFBC}") = "OVB.Demos.Algorithms.DivisionRest", "division-rest-algorithm\OVB.Demos.Algorithms.DivisionRest\OVB.Demos.Algorithms.DivisionRest.csproj", "{2852BE3B-74AD-4649-8FAB-57C673A122ED}"
EndProject
Global
	GlobalSection(SolutionConfigurationPlatforms) = preSolution
		Debug|Any CPU = Debug|Any CPU
		Release|Any CPU = Release|Any CPU
	EndGlobalSection
	GlobalSection(ProjectConfigurationPlatforms) = postSolution
		{918B53D8-8A90-455F-9155-660CA62B24B5}.Debug|Any CPU.ActiveCfg = Debug|Any CPU
		{918B53D8-8A90-455F-9155-660CA62B24B5}.Debug|Any CPU.Build.0 = Debug|Any CPU
		{918B53D8-8A90-455F-9155-660CA62B24B5}.Release|Any CPU.ActiveCfg = Release|Any CPU
		{918B53D8-8A90-455F-9155-660CA62B24B5}.Release|Any CPU.Build.0 = Release|Any CPU
		{295AB040-F444-4729-9B89-548671AB5D70}.Debug|Any CPU.ActiveCfg = Debug|Any CPU
		{295AB040-F444-4729-9B89-548671AB5D70}.Debug|Any CPU.Build.0 = Debug|Any CPU
		{295AB040-F444-4729-9B89-548671AB5D70}.Release|Any CPU.ActiveCfg = Release|Any CPU
		{295AB040-F444-4729-9B89-548671AB5D70}.Release|Any CPU.Build.0 = Release|Any CPU
		{2852BE3B-74AD-4649-8FAB-57C673A122ED}.Debug|Any CPU.ActiveCfg = Debug|Any CPU
		{2852BE3B-74AD-4649-8FAB-57C673A122ED}.Debug|Any CPU.Build.0 = Debug|Any CPU
		{2852BE3B-74AD-4649-8FAB-57C673A122ED}.Release|Any CPU.ActiveCfg = Release|Any CPU
		{2852BE3B-74AD-4649-8FAB-57C673A122ED}.Release|Any CPU.Build.0 = Release|Any CPU
	EndGlobalSection
	GlobalSection(SolutionProperties) = preSolution
		HideSolutionNode = FALSE
	EndGlobalSection
	GlobalSection(ExtensibilityGlobals) = postSolution
		SolutionGuid = {CF15583B-4FC4-4099-966E-F3C1FA25B99A}
	EndGlobalSection
EndGlobal
